// !$*UTF8*$!
{
	archiveVersion = 1;
	classes = {
	};
	objectVersion = 46;
	objects = {

/* Begin PBXBuildFile section */
		6E1B5CF61ED64E550012FF93 /* AppDelegate.swift in Sources */ = {isa = PBXBuildFile; fileRef = 6E1B5CF51ED64E550012FF93 /* AppDelegate.swift */; };
		6E1B5CF81ED64E550012FF93 /* MainViewController.swift in Sources */ = {isa = PBXBuildFile; fileRef = 6E1B5CF71ED64E550012FF93 /* MainViewController.swift */; };
		6E1B5CFB1ED64E550012FF93 /* Main.storyboard in Resources */ = {isa = PBXBuildFile; fileRef = 6E1B5CF91ED64E550012FF93 /* Main.storyboard */; };
		6E1B5CFD1ED64E550012FF93 /* Assets.xcassets in Resources */ = {isa = PBXBuildFile; fileRef = 6E1B5CFC1ED64E550012FF93 /* Assets.xcassets */; };
		6E1B5D001ED64E550012FF93 /* LaunchScreen.storyboard in Resources */ = {isa = PBXBuildFile; fileRef = 6E1B5CFE1ED64E550012FF93 /* LaunchScreen.storyboard */; };
		6E1B5D091ED656AF0012FF93 /* CoreLocation.framework in Frameworks */ = {isa = PBXBuildFile; fileRef = 6E1B5D081ED656AF0012FF93 /* CoreLocation.framework */; };
		6E1D89D01F4CE40F00DE8040 /* InitialViewController+LocationManagerDelegate.swift in Sources */ = {isa = PBXBuildFile; fileRef = 6E1D89CF1F4CE40F00DE8040 /* InitialViewController+LocationManagerDelegate.swift */; };
		6E3C97D71EFEAB5500FA79C6 /* ThreadController.swift in Sources */ = {isa = PBXBuildFile; fileRef = 6E3C97D61EFEAB5500FA79C6 /* ThreadController.swift */; };
		6E3C97D91EFEC39C00FA79C6 /* DateToStringFormatter.swift in Sources */ = {isa = PBXBuildFile; fileRef = 6E3C97D81EFEC39C00FA79C6 /* DateToStringFormatter.swift */; };
		6E3CC5BC1ED6AB3900B67592 /* AladhanAPI.swift in Sources */ = {isa = PBXBuildFile; fileRef = 6E3CC5BB1ED6AB3900B67592 /* AladhanAPI.swift */; };
		6E3CC5BE1ED6ACF600B67592 /* AladhanConstants.swift in Sources */ = {isa = PBXBuildFile; fileRef = 6E3CC5BD1ED6ACF600B67592 /* AladhanConstants.swift */; };
		6E3EC9641EFCF89400A4F1AA /* Time.swift in Sources */ = {isa = PBXBuildFile; fileRef = 6E3EC9631EFCF89400A4F1AA /* Time.swift */; };
		6E3EC9671EFCF90300A4F1AA /* Model.xcdatamodeld in Sources */ = {isa = PBXBuildFile; fileRef = 6E3EC9651EFCF90300A4F1AA /* Model.xcdatamodeld */; };
		6E3EC96C1EFCFA0F00A4F1AA /* Timing+CoreDataClass.swift in Sources */ = {isa = PBXBuildFile; fileRef = 6E3EC9681EFCFA0F00A4F1AA /* Timing+CoreDataClass.swift */; };
		6E3EC96D1EFCFA0F00A4F1AA /* Timing+CoreDataProperties.swift in Sources */ = {isa = PBXBuildFile; fileRef = 6E3EC9691EFCFA0F00A4F1AA /* Timing+CoreDataProperties.swift */; };
		6E3EC96E1EFCFA0F00A4F1AA /* Day+CoreDataClass.swift in Sources */ = {isa = PBXBuildFile; fileRef = 6E3EC96A1EFCFA0F00A4F1AA /* Day+CoreDataClass.swift */; };
		6E3EC96F1EFCFA0F00A4F1AA /* Day+CoreDataProperties.swift in Sources */ = {isa = PBXBuildFile; fileRef = 6E3EC96B1EFCFA0F00A4F1AA /* Day+CoreDataProperties.swift */; };
		6E3EC9711EFD0BF800A4F1AA /* DateHelper.swift in Sources */ = {isa = PBXBuildFile; fileRef = 6E3EC9701EFD0BF800A4F1AA /* DateHelper.swift */; };
		6E3EC9731EFD0CB900A4F1AA /* MainViewController+ViewSetup.swift in Sources */ = {isa = PBXBuildFile; fileRef = 6E3EC9721EFD0CB900A4F1AA /* MainViewController+ViewSetup.swift */; };
		6E3EC9751EFD15CE00A4F1AA /* Settings.storyboard in Resources */ = {isa = PBXBuildFile; fileRef = 6E3EC9741EFD15CE00A4F1AA /* Settings.storyboard */; };
		6E3EC9771EFD1ABD00A4F1AA /* SettingsViewController.swift in Sources */ = {isa = PBXBuildFile; fileRef = 6E3EC9761EFD1ABD00A4F1AA /* SettingsViewController.swift */; };
		6E3EC9791EFD20E800A4F1AA /* ImageViewGradientHelper.swift in Sources */ = {isa = PBXBuildFile; fileRef = 6E3EC9781EFD20E800A4F1AA /* ImageViewGradientHelper.swift */; };
		6E3EC97D1EFD317500A4F1AA /* Qibla.storyboard in Resources */ = {isa = PBXBuildFile; fileRef = 6E3EC97C1EFD317500A4F1AA /* Qibla.storyboard */; };
		6E3EC97F1EFD31BC00A4F1AA /* QiblaViewController.swift in Sources */ = {isa = PBXBuildFile; fileRef = 6E3EC97E1EFD31BC00A4F1AA /* QiblaViewController.swift */; };
		6E3EC9811EFD364A00A4F1AA /* QiblaLocator.swift in Sources */ = {isa = PBXBuildFile; fileRef = 6E3EC9801EFD364A00A4F1AA /* QiblaLocator.swift */; };
		6E3EEEE51EFD449D00FD7415 /* LocationDelegate.swift in Sources */ = {isa = PBXBuildFile; fileRef = 6E3EEEE41EFD449D00FD7415 /* LocationDelegate.swift */; };
		6E5030171EFE842300F57910 /* LocationSearchViewController.swift in Sources */ = {isa = PBXBuildFile; fileRef = 6E5030161EFE842300F57910 /* LocationSearchViewController.swift */; };
		6E5030191EFE8D1400F57910 /* LocationSearch.storyboard in Resources */ = {isa = PBXBuildFile; fileRef = 6E5030181EFE8D1400F57910 /* LocationSearch.storyboard */; };
		6E50301B1EFE9AD200F57910 /* NavigationControllerPresenter.swift in Sources */ = {isa = PBXBuildFile; fileRef = 6E50301A1EFE9AD200F57910 /* NavigationControllerPresenter.swift */; };
		6E50301D1EFEA2AC00F57910 /* PrayViewController.swift in Sources */ = {isa = PBXBuildFile; fileRef = 6E50301C1EFEA2AC00F57910 /* PrayViewController.swift */; };
		6E6558FC1EFAE94D00EE55CD /* CoreDataStack.swift in Sources */ = {isa = PBXBuildFile; fileRef = 6E6558FB1EFAE94D00EE55CD /* CoreDataStack.swift */; };
		6E6559031EFAEF8100EE55CD /* InitialViewController.swift in Sources */ = {isa = PBXBuildFile; fileRef = 6E6559021EFAEF8100EE55CD /* InitialViewController.swift */; };
		6E6559051EFAEF9D00EE55CD /* Initial.storyboard in Resources */ = {isa = PBXBuildFile; fileRef = 6E6559041EFAEF9D00EE55CD /* Initial.storyboard */; };
		6E6559071EFAF0BB00EE55CD /* CoreDataHelper.swift in Sources */ = {isa = PBXBuildFile; fileRef = 6E6559061EFAF0BB00EE55CD /* CoreDataHelper.swift */; };
		6E6559091EFAF55C00EE55CD /* DataSource.swift in Sources */ = {isa = PBXBuildFile; fileRef = 6E6559081EFAF55C00EE55CD /* DataSource.swift */; };
		6E65590D1EFB0D1D00EE55CD /* LoadingView.xib in Resources */ = {isa = PBXBuildFile; fileRef = 6E65590C1EFB0D1D00EE55CD /* LoadingView.xib */; };
		6E65590F1EFB0E1700EE55CD /* LoadingView.swift in Sources */ = {isa = PBXBuildFile; fileRef = 6E65590E1EFB0E1700EE55CD /* LoadingView.swift */; };
		6EFDE6BB1ED7AA90002065B2 /* StringToDateFormatter.swift in Sources */ = {isa = PBXBuildFile; fileRef = 6EFDE6BA1ED7AA90002065B2 /* StringToDateFormatter.swift */; };
/* End PBXBuildFile section */

/* Begin PBXFileReference section */
		6E1B5CF21ED64E550012FF93 /* pray.app */ = {isa = PBXFileReference; explicitFileType = wrapper.application; includeInIndex = 0; path = pray.app; sourceTree = BUILT_PRODUCTS_DIR; };
		6E1B5CF51ED64E550012FF93 /* AppDelegate.swift */ = {isa = PBXFileReference; lastKnownFileType = sourcecode.swift; path = AppDelegate.swift; sourceTree = "<group>"; };
		6E1B5CF71ED64E550012FF93 /* MainViewController.swift */ = {isa = PBXFileReference; lastKnownFileType = sourcecode.swift; path = MainViewController.swift; sourceTree = "<group>"; };
		6E1B5CFA1ED64E550012FF93 /* Base */ = {isa = PBXFileReference; lastKnownFileType = file.storyboard; name = Base; path = Base.lproj/Main.storyboard; sourceTree = "<group>"; };
		6E1B5CFC1ED64E550012FF93 /* Assets.xcassets */ = {isa = PBXFileReference; lastKnownFileType = folder.assetcatalog; path = Assets.xcassets; sourceTree = "<group>"; };
		6E1B5CFF1ED64E550012FF93 /* Base */ = {isa = PBXFileReference; lastKnownFileType = file.storyboard; name = Base; path = Base.lproj/LaunchScreen.storyboard; sourceTree = "<group>"; };
		6E1B5D011ED64E550012FF93 /* Info.plist */ = {isa = PBXFileReference; lastKnownFileType = text.plist.xml; path = Info.plist; sourceTree = "<group>"; };
		6E1B5D081ED656AF0012FF93 /* CoreLocation.framework */ = {isa = PBXFileReference; lastKnownFileType = wrapper.framework; name = CoreLocation.framework; path = System/Library/Frameworks/CoreLocation.framework; sourceTree = SDKROOT; };
		6E1D89CF1F4CE40F00DE8040 /* InitialViewController+LocationManagerDelegate.swift */ = {isa = PBXFileReference; fileEncoding = 4; lastKnownFileType = sourcecode.swift; path = "InitialViewController+LocationManagerDelegate.swift"; sourceTree = "<group>"; };
		6E3C97D61EFEAB5500FA79C6 /* ThreadController.swift */ = {isa = PBXFileReference; fileEncoding = 4; lastKnownFileType = sourcecode.swift; path = ThreadController.swift; sourceTree = "<group>"; };
		6E3C97D81EFEC39C00FA79C6 /* DateToStringFormatter.swift */ = {isa = PBXFileReference; fileEncoding = 4; lastKnownFileType = sourcecode.swift; path = DateToStringFormatter.swift; sourceTree = "<group>"; };
		6E3CC5BB1ED6AB3900B67592 /* AladhanAPI.swift */ = {isa = PBXFileReference; fileEncoding = 4; lastKnownFileType = sourcecode.swift; path = AladhanAPI.swift; sourceTree = "<group>"; };
		6E3CC5BD1ED6ACF600B67592 /* AladhanConstants.swift */ = {isa = PBXFileReference; fileEncoding = 4; lastKnownFileType = sourcecode.swift; path = AladhanConstants.swift; sourceTree = "<group>"; };
		6E3EC9631EFCF89400A4F1AA /* Time.swift */ = {isa = PBXFileReference; fileEncoding = 4; lastKnownFileType = sourcecode.swift; path = Time.swift; sourceTree = "<group>"; };
		6E3EC9661EFCF90300A4F1AA /* Model.xcdatamodel */ = {isa = PBXFileReference; lastKnownFileType = wrapper.xcdatamodel; path = Model.xcdatamodel; sourceTree = "<group>"; };
		6E3EC9681EFCFA0F00A4F1AA /* Timing+CoreDataClass.swift */ = {isa = PBXFileReference; fileEncoding = 4; lastKnownFileType = sourcecode.swift; path = "Timing+CoreDataClass.swift"; sourceTree = "<group>"; };
		6E3EC9691EFCFA0F00A4F1AA /* Timing+CoreDataProperties.swift */ = {isa = PBXFileReference; fileEncoding = 4; lastKnownFileType = sourcecode.swift; path = "Timing+CoreDataProperties.swift"; sourceTree = "<group>"; };
		6E3EC96A1EFCFA0F00A4F1AA /* Day+CoreDataClass.swift */ = {isa = PBXFileReference; fileEncoding = 4; lastKnownFileType = sourcecode.swift; path = "Day+CoreDataClass.swift"; sourceTree = "<group>"; };
		6E3EC96B1EFCFA0F00A4F1AA /* Day+CoreDataProperties.swift */ = {isa = PBXFileReference; fileEncoding = 4; lastKnownFileType = sourcecode.swift; path = "Day+CoreDataProperties.swift"; sourceTree = "<group>"; };
		6E3EC9701EFD0BF800A4F1AA /* DateHelper.swift */ = {isa = PBXFileReference; fileEncoding = 4; lastKnownFileType = sourcecode.swift; path = DateHelper.swift; sourceTree = "<group>"; };
		6E3EC9721EFD0CB900A4F1AA /* MainViewController+ViewSetup.swift */ = {isa = PBXFileReference; fileEncoding = 4; lastKnownFileType = sourcecode.swift; path = "MainViewController+ViewSetup.swift"; sourceTree = "<group>"; };
		6E3EC9741EFD15CE00A4F1AA /* Settings.storyboard */ = {isa = PBXFileReference; fileEncoding = 4; lastKnownFileType = file.storyboard; path = Settings.storyboard; sourceTree = "<group>"; };
		6E3EC9761EFD1ABD00A4F1AA /* SettingsViewController.swift */ = {isa = PBXFileReference; fileEncoding = 4; lastKnownFileType = sourcecode.swift; path = SettingsViewController.swift; sourceTree = "<group>"; };
		6E3EC9781EFD20E800A4F1AA /* ImageViewGradientHelper.swift */ = {isa = PBXFileReference; fileEncoding = 4; lastKnownFileType = sourcecode.swift; path = ImageViewGradientHelper.swift; sourceTree = "<group>"; };
		6E3EC97C1EFD317500A4F1AA /* Qibla.storyboard */ = {isa = PBXFileReference; fileEncoding = 4; lastKnownFileType = file.storyboard; path = Qibla.storyboard; sourceTree = "<group>"; };
		6E3EC97E1EFD31BC00A4F1AA /* QiblaViewController.swift */ = {isa = PBXFileReference; fileEncoding = 4; lastKnownFileType = sourcecode.swift; path = QiblaViewController.swift; sourceTree = "<group>"; };
		6E3EC9801EFD364A00A4F1AA /* QiblaLocator.swift */ = {isa = PBXFileReference; fileEncoding = 4; lastKnownFileType = sourcecode.swift; path = QiblaLocator.swift; sourceTree = "<group>"; };
		6E3EEEE41EFD449D00FD7415 /* LocationDelegate.swift */ = {isa = PBXFileReference; fileEncoding = 4; lastKnownFileType = sourcecode.swift; path = LocationDelegate.swift; sourceTree = "<group>"; };
		6E5030161EFE842300F57910 /* LocationSearchViewController.swift */ = {isa = PBXFileReference; fileEncoding = 4; lastKnownFileType = sourcecode.swift; path = LocationSearchViewController.swift; sourceTree = "<group>"; };
		6E5030181EFE8D1400F57910 /* LocationSearch.storyboard */ = {isa = PBXFileReference; fileEncoding = 4; lastKnownFileType = file.storyboard; path = LocationSearch.storyboard; sourceTree = "<group>"; };
		6E50301A1EFE9AD200F57910 /* NavigationControllerPresenter.swift */ = {isa = PBXFileReference; fileEncoding = 4; lastKnownFileType = sourcecode.swift; path = NavigationControllerPresenter.swift; sourceTree = "<group>"; };
		6E50301C1EFEA2AC00F57910 /* PrayViewController.swift */ = {isa = PBXFileReference; fileEncoding = 4; lastKnownFileType = sourcecode.swift; path = PrayViewController.swift; sourceTree = "<group>"; };
		6E6558FB1EFAE94D00EE55CD /* CoreDataStack.swift */ = {isa = PBXFileReference; fileEncoding = 4; lastKnownFileType = sourcecode.swift; path = CoreDataStack.swift; sourceTree = "<group>"; };
		6E6559021EFAEF8100EE55CD /* InitialViewController.swift */ = {isa = PBXFileReference; fileEncoding = 4; lastKnownFileType = sourcecode.swift; path = InitialViewController.swift; sourceTree = "<group>"; };
		6E6559041EFAEF9D00EE55CD /* Initial.storyboard */ = {isa = PBXFileReference; fileEncoding = 4; lastKnownFileType = file.storyboard; path = Initial.storyboard; sourceTree = "<group>"; };
		6E6559061EFAF0BB00EE55CD /* CoreDataHelper.swift */ = {isa = PBXFileReference; fileEncoding = 4; lastKnownFileType = sourcecode.swift; path = CoreDataHelper.swift; sourceTree = "<group>"; };
		6E6559081EFAF55C00EE55CD /* DataSource.swift */ = {isa = PBXFileReference; fileEncoding = 4; lastKnownFileType = sourcecode.swift; path = DataSource.swift; sourceTree = "<group>"; };
		6E65590C1EFB0D1D00EE55CD /* LoadingView.xib */ = {isa = PBXFileReference; fileEncoding = 4; lastKnownFileType = file.xib; path = LoadingView.xib; sourceTree = "<group>"; };
		6E65590E1EFB0E1700EE55CD /* LoadingView.swift */ = {isa = PBXFileReference; fileEncoding = 4; lastKnownFileType = sourcecode.swift; path = LoadingView.swift; sourceTree = "<group>"; };
		6EFDE6BA1ED7AA90002065B2 /* StringToDateFormatter.swift */ = {isa = PBXFileReference; fileEncoding = 4; lastKnownFileType = sourcecode.swift; path = StringToDateFormatter.swift; sourceTree = "<group>"; };
/* End PBXFileReference section */

/* Begin PBXFrameworksBuildPhase section */
		6E1B5CEF1ED64E550012FF93 /* Frameworks */ = {
			isa = PBXFrameworksBuildPhase;
			buildActionMask = 2147483647;
			files = (
				6E1B5D091ED656AF0012FF93 /* CoreLocation.framework in Frameworks */,
			);
			runOnlyForDeploymentPostprocessing = 0;
		};
/* End PBXFrameworksBuildPhase section */

/* Begin PBXGroup section */
		6E1B5CE91ED64E550012FF93 = {
			isa = PBXGroup;
			children = (
				6E1B5CF41ED64E550012FF93 /* pray */,
				6E1B5CF31ED64E550012FF93 /* Products */,
				6E1B5D071ED656AE0012FF93 /* Frameworks */,
			);
			sourceTree = "<group>";
		};
		6E1B5CF31ED64E550012FF93 /* Products */ = {
			isa = PBXGroup;
			children = (
				6E1B5CF21ED64E550012FF93 /* pray.app */,
			);
			name = Products;
			sourceTree = "<group>";
		};
		6E1B5CF41ED64E550012FF93 /* pray */ = {
			isa = PBXGroup;
			children = (
				6E1B5CF51ED64E550012FF93 /* AppDelegate.swift */,
				6E5030161EFE842300F57910 /* LocationSearchViewController.swift */,
				6E1B5CF71ED64E550012FF93 /* MainViewController.swift */,
				6E50301C1EFEA2AC00F57910 /* PrayViewController.swift */,
				6E3EC9721EFD0CB900A4F1AA /* MainViewController+ViewSetup.swift */,
				6E6559021EFAEF8100EE55CD /* InitialViewController.swift */,
				6E1D89CF1F4CE40F00DE8040 /* InitialViewController+LocationManagerDelegate.swift */,
				6E3C97D61EFEAB5500FA79C6 /* ThreadController.swift */,
				6E3EC97E1EFD31BC00A4F1AA /* QiblaViewController.swift */,
				6E50301A1EFE9AD200F57910 /* NavigationControllerPresenter.swift */,
				6E3EC9801EFD364A00A4F1AA /* QiblaLocator.swift */,
				6E3EEEE41EFD449D00FD7415 /* LocationDelegate.swift */,
				6E3EC9761EFD1ABD00A4F1AA /* SettingsViewController.swift */,
				6E65590E1EFB0E1700EE55CD /* LoadingView.swift */,
				6EFDE6BA1ED7AA90002065B2 /* StringToDateFormatter.swift */,
				6E3C97D81EFEC39C00FA79C6 /* DateToStringFormatter.swift */,
				6E3EC9631EFCF89400A4F1AA /* Time.swift */,
				6E3EC9781EFD20E800A4F1AA /* ImageViewGradientHelper.swift */,
				6E3EC9701EFD0BF800A4F1AA /* DateHelper.swift */,
				6E3CC5BB1ED6AB3900B67592 /* AladhanAPI.swift */,
				6E3CC5BD1ED6ACF600B67592 /* AladhanConstants.swift */,
				6E6559011EFAEA7200EE55CD /* Model */,
				6E1B5CF91ED64E550012FF93 /* Main.storyboard */,
				6E3EC9741EFD15CE00A4F1AA /* Settings.storyboard */,
				6E3EC97C1EFD317500A4F1AA /* Qibla.storyboard */,
				6E65590C1EFB0D1D00EE55CD /* LoadingView.xib */,
				6E5030181EFE8D1400F57910 /* LocationSearch.storyboard */,
				6E6559041EFAEF9D00EE55CD /* Initial.storyboard */,
				6E1B5CFC1ED64E550012FF93 /* Assets.xcassets */,
				6E1B5CFE1ED64E550012FF93 /* LaunchScreen.storyboard */,
				6E1B5D011ED64E550012FF93 /* Info.plist */,
			);
			path = pray;
			sourceTree = "<group>";
		};
		6E1B5D071ED656AE0012FF93 /* Frameworks */ = {
			isa = PBXGroup;
			children = (
				6E1B5D081ED656AF0012FF93 /* CoreLocation.framework */,
			);
			name = Frameworks;
			sourceTree = "<group>";
		};
		6E6559011EFAEA7200EE55CD /* Model */ = {
			isa = PBXGroup;
			children = (
				6E6559081EFAF55C00EE55CD /* DataSource.swift */,
				6E3EC9681EFCFA0F00A4F1AA /* Timing+CoreDataClass.swift */,
				6E3EC9691EFCFA0F00A4F1AA /* Timing+CoreDataProperties.swift */,
				6E3EC96A1EFCFA0F00A4F1AA /* Day+CoreDataClass.swift */,
				6E3EC96B1EFCFA0F00A4F1AA /* Day+CoreDataProperties.swift */,
				6E6558FB1EFAE94D00EE55CD /* CoreDataStack.swift */,
				6E6559061EFAF0BB00EE55CD /* CoreDataHelper.swift */,
				6E3EC9651EFCF90300A4F1AA /* Model.xcdatamodeld */,
			);
			name = Model;
			sourceTree = "<group>";
		};
/* End PBXGroup section */

/* Begin PBXNativeTarget section */
		6E1B5CF11ED64E550012FF93 /* pray */ = {
			isa = PBXNativeTarget;
			buildConfigurationList = 6E1B5D041ED64E550012FF93 /* Build configuration list for PBXNativeTarget "pray" */;
			buildPhases = (
				6E1B5CEE1ED64E550012FF93 /* Sources */,
				6E1B5CEF1ED64E550012FF93 /* Frameworks */,
				6E1B5CF01ED64E550012FF93 /* Resources */,
			);
			buildRules = (
			);
			dependencies = (
			);
			name = pray;
			productName = pray;
			productReference = 6E1B5CF21ED64E550012FF93 /* pray.app */;
			productType = "com.apple.product-type.application";
		};
/* End PBXNativeTarget section */

/* Begin PBXProject section */
		6E1B5CEA1ED64E550012FF93 /* Project object */ = {
			isa = PBXProject;
			attributes = {
				LastSwiftUpdateCheck = 0830;
				LastUpgradeCheck = 0830;
				ORGANIZATIONNAME = "Zulwiyoza Putra";
				TargetAttributes = {
					6E1B5CF11ED64E550012FF93 = {
						CreatedOnToolsVersion = 8.3.2;
						DevelopmentTeam = 44VVQHZS45;
						ProvisioningStyle = Automatic;
					};
				};
			};
			buildConfigurationList = 6E1B5CED1ED64E550012FF93 /* Build configuration list for PBXProject "pray" */;
			compatibilityVersion = "Xcode 3.2";
			developmentRegion = English;
			hasScannedForEncodings = 0;
			knownRegions = (
				en,
				Base,
			);
			mainGroup = 6E1B5CE91ED64E550012FF93;
			productRefGroup = 6E1B5CF31ED64E550012FF93 /* Products */;
			projectDirPath = "";
			projectRoot = "";
			targets = (
				6E1B5CF11ED64E550012FF93 /* pray */,
			);
		};
/* End PBXProject section */

/* Begin PBXResourcesBuildPhase section */
		6E1B5CF01ED64E550012FF93 /* Resources */ = {
			isa = PBXResourcesBuildPhase;
			buildActionMask = 2147483647;
			files = (
				6E1B5D001ED64E550012FF93 /* LaunchScreen.storyboard in Resources */,
				6E1B5CFD1ED64E550012FF93 /* Assets.xcassets in Resources */,
				6E1B5CFB1ED64E550012FF93 /* Main.storyboard in Resources */,
				6E3EC97D1EFD317500A4F1AA /* Qibla.storyboard in Resources */,
				6E3EC9751EFD15CE00A4F1AA /* Settings.storyboard in Resources */,
				6E6559051EFAEF9D00EE55CD /* Initial.storyboard in Resources */,
				6E65590D1EFB0D1D00EE55CD /* LoadingView.xib in Resources */,
				6E5030191EFE8D1400F57910 /* LocationSearch.storyboard in Resources */,
			);
			runOnlyForDeploymentPostprocessing = 0;
		};
/* End PBXResourcesBuildPhase section */

/* Begin PBXSourcesBuildPhase section */
		6E1B5CEE1ED64E550012FF93 /* Sources */ = {
			isa = PBXSourcesBuildPhase;
			buildActionMask = 2147483647;
			files = (
				6E3EC9791EFD20E800A4F1AA /* ImageViewGradientHelper.swift in Sources */,
				6E3EC96F1EFCFA0F00A4F1AA /* Day+CoreDataProperties.swift in Sources */,
				6E3C97D91EFEC39C00FA79C6 /* DateToStringFormatter.swift in Sources */,
				6E1B5CF81ED64E550012FF93 /* MainViewController.swift in Sources */,
				6E3CC5BC1ED6AB3900B67592 /* AladhanAPI.swift in Sources */,
				6E1B5CF61ED64E550012FF93 /* AppDelegate.swift in Sources */,
				6E1D89D01F4CE40F00DE8040 /* InitialViewController+LocationManagerDelegate.swift in Sources */,
				6E3EC96D1EFCFA0F00A4F1AA /* Timing+CoreDataProperties.swift in Sources */,
				6E3EC9771EFD1ABD00A4F1AA /* SettingsViewController.swift in Sources */,
				6E5030171EFE842300F57910 /* LocationSearchViewController.swift in Sources */,
				6E3EC9641EFCF89400A4F1AA /* Time.swift in Sources */,
				6E6559031EFAEF8100EE55CD /* InitialViewController.swift in Sources */,
				6E3EC9811EFD364A00A4F1AA /* QiblaLocator.swift in Sources */,
				6E6559091EFAF55C00EE55CD /* DataSource.swift in Sources */,
				6E3EEEE51EFD449D00FD7415 /* LocationDelegate.swift in Sources */,
				6E3EC9731EFD0CB900A4F1AA /* MainViewController+ViewSetup.swift in Sources */,
				6E3C97D71EFEAB5500FA79C6 /* ThreadController.swift in Sources */,
				6E6558FC1EFAE94D00EE55CD /* CoreDataStack.swift in Sources */,
				6E3EC9711EFD0BF800A4F1AA /* DateHelper.swift in Sources */,
				6E6559071EFAF0BB00EE55CD /* CoreDataHelper.swift in Sources */,
				6E3EC96E1EFCFA0F00A4F1AA /* Day+CoreDataClass.swift in Sources */,
				6E3EC97F1EFD31BC00A4F1AA /* QiblaViewController.swift in Sources */,
				6E3CC5BE1ED6ACF600B67592 /* AladhanConstants.swift in Sources */,
				6E50301D1EFEA2AC00F57910 /* PrayViewController.swift in Sources */,
				6E3EC96C1EFCFA0F00A4F1AA /* Timing+CoreDataClass.swift in Sources */,
				6E65590F1EFB0E1700EE55CD /* LoadingView.swift in Sources */,
				6EFDE6BB1ED7AA90002065B2 /* StringToDateFormatter.swift in Sources */,
				6E50301B1EFE9AD200F57910 /* NavigationControllerPresenter.swift in Sources */,
				6E3EC9671EFCF90300A4F1AA /* Model.xcdatamodeld in Sources */,
			);
			runOnlyForDeploymentPostprocessing = 0;
		};
/* End PBXSourcesBuildPhase section */

/* Begin PBXVariantGroup section */
		6E1B5CF91ED64E550012FF93 /* Main.storyboard */ = {
			isa = PBXVariantGroup;
			children = (
				6E1B5CFA1ED64E550012FF93 /* Base */,
			);
			name = Main.storyboard;
			sourceTree = "<group>";
		};
		6E1B5CFE1ED64E550012FF93 /* LaunchScreen.storyboard */ = {
			isa = PBXVariantGroup;
			children = (
				6E1B5CFF1ED64E550012FF93 /* Base */,
			);
			name = LaunchScreen.storyboard;
			sourceTree = "<group>";
		};
/* End PBXVariantGroup section */

/* Begin XCBuildConfiguration section */
		6E1B5D021ED64E550012FF93 /* Debug */ = {
			isa = XCBuildConfiguration;
			buildSettings = {
				ALWAYS_SEARCH_USER_PATHS = NO;
				CLANG_ANALYZER_NONNULL = YES;
				CLANG_ANALYZER_NUMBER_OBJECT_CONVERSION = YES_AGGRESSIVE;
				CLANG_CXX_LANGUAGE_STANDARD = "gnu++0x";
				CLANG_CXX_LIBRARY = "libc++";
				CLANG_ENABLE_MODULES = YES;
				CLANG_ENABLE_OBJC_ARC = YES;
				CLANG_WARN_BOOL_CONVERSION = YES;
				CLANG_WARN_CONSTANT_CONVERSION = YES;
				CLANG_WARN_DIRECT_OBJC_ISA_USAGE = YES_ERROR;
				CLANG_WARN_DOCUMENTATION_COMMENTS = YES;
				CLANG_WARN_EMPTY_BODY = YES;
				CLANG_WARN_ENUM_CONVERSION = YES;
				CLANG_WARN_INFINITE_RECURSION = YES;
				CLANG_WARN_INT_CONVERSION = YES;
				CLANG_WARN_OBJC_ROOT_CLASS = YES_ERROR;
				CLANG_WARN_SUSPICIOUS_MOVE = YES;
				CLANG_WARN_UNREACHABLE_CODE = YES;
				CLANG_WARN__DUPLICATE_METHOD_MATCH = YES;
				"CODE_SIGN_IDENTITY[sdk=iphoneos*]" = "iPhone Developer";
				COPY_PHASE_STRIP = NO;
				DEBUG_INFORMATION_FORMAT = dwarf;
				ENABLE_STRICT_OBJC_MSGSEND = YES;
				ENABLE_TESTABILITY = YES;
				GCC_C_LANGUAGE_STANDARD = gnu99;
				GCC_DYNAMIC_NO_PIC = NO;
				GCC_NO_COMMON_BLOCKS = YES;
				GCC_OPTIMIZATION_LEVEL = 0;
				GCC_PREPROCESSOR_DEFINITIONS = (
					"DEBUG=1",
					"$(inherited)",
				);
				GCC_WARN_64_TO_32_BIT_CONVERSION = YES;
				GCC_WARN_ABOUT_RETURN_TYPE = YES_ERROR;
				GCC_WARN_UNDECLARED_SELECTOR = YES;
				GCC_WARN_UNINITIALIZED_AUTOS = YES_AGGRESSIVE;
				GCC_WARN_UNUSED_FUNCTION = YES;
				GCC_WARN_UNUSED_VARIABLE = YES;
				IPHONEOS_DEPLOYMENT_TARGET = 10.3;
				MTL_ENABLE_DEBUG_INFO = YES;
				ONLY_ACTIVE_ARCH = YES;
				SDKROOT = iphoneos;
				SWIFT_ACTIVE_COMPILATION_CONDITIONS = DEBUG;
				SWIFT_OPTIMIZATION_LEVEL = "-Onone";
			};
			name = Debug;
		};
		6E1B5D031ED64E550012FF93 /* Release */ = {
			isa = XCBuildConfiguration;
			buildSettings = {
				ALWAYS_SEARCH_USER_PATHS = NO;
				CLANG_ANALYZER_NONNULL = YES;
				CLANG_ANALYZER_NUMBER_OBJECT_CONVERSION = YES_AGGRESSIVE;
				CLANG_CXX_LANGUAGE_STANDARD = "gnu++0x";
				CLANG_CXX_LIBRARY = "libc++";
				CLANG_ENABLE_MODULES = YES;
				CLANG_ENABLE_OBJC_ARC = YES;
				CLANG_WARN_BOOL_CONVERSION = YES;
				CLANG_WARN_CONSTANT_CONVERSION = YES;
				CLANG_WARN_DIRECT_OBJC_ISA_USAGE = YES_ERROR;
				CLANG_WARN_DOCUMENTATION_COMMENTS = YES;
				CLANG_WARN_EMPTY_BODY = YES;
				CLANG_WARN_ENUM_CONVERSION = YES;
				CLANG_WARN_INFINITE_RECURSION = YES;
				CLANG_WARN_INT_CONVERSION = YES;
				CLANG_WARN_OBJC_ROOT_CLASS = YES_ERROR;
				CLANG_WARN_SUSPICIOUS_MOVE = YES;
				CLANG_WARN_UNREACHABLE_CODE = YES;
				CLANG_WARN__DUPLICATE_METHOD_MATCH = YES;
				"CODE_SIGN_IDENTITY[sdk=iphoneos*]" = "iPhone Developer";
				COPY_PHASE_STRIP = NO;
				DEBUG_INFORMATION_FORMAT = "dwarf-with-dsym";
				ENABLE_NS_ASSERTIONS = NO;
				ENABLE_STRICT_OBJC_MSGSEND = YES;
				GCC_C_LANGUAGE_STANDARD = gnu99;
				GCC_NO_COMMON_BLOCKS = YES;
				GCC_WARN_64_TO_32_BIT_CONVERSION = YES;
				GCC_WARN_ABOUT_RETURN_TYPE = YES_ERROR;
				GCC_WARN_UNDECLARED_SELECTOR = YES;
				GCC_WARN_UNINITIALIZED_AUTOS = YES_AGGRESSIVE;
				GCC_WARN_UNUSED_FUNCTION = YES;
				GCC_WARN_UNUSED_VARIABLE = YES;
				IPHONEOS_DEPLOYMENT_TARGET = 10.3;
				MTL_ENABLE_DEBUG_INFO = NO;
				SDKROOT = iphoneos;
				SWIFT_OPTIMIZATION_LEVEL = "-Owholemodule";
				VALIDATE_PRODUCT = YES;
			};
			name = Release;
		};
		6E1B5D051ED64E550012FF93 /* Debug */ = {
			isa = XCBuildConfiguration;
			buildSettings = {
				ASSETCATALOG_COMPILER_APPICON_NAME = AppIcon;
				"CODE_SIGN_IDENTITY[sdk=iphoneos*]" = "iPhone Developer";
				DEVELOPMENT_TEAM = 44VVQHZS45;
				INFOPLIST_FILE = pray/Info.plist;
				LD_RUNPATH_SEARCH_PATHS = "$(inherited) @executable_path/Frameworks";
				PRODUCT_BUNDLE_IDENTIFIER = com.zulwiyozaputra.praytracker;
				PRODUCT_NAME = "$(TARGET_NAME)";
				PROVISIONING_PROFILE_SPECIFIER = "";
				SWIFT_VERSION = 3.0;
			};
			name = Debug;
		};
		6E1B5D061ED64E550012FF93 /* Release */ = {
			isa = XCBuildConfiguration;
			buildSettings = {
				ASSETCATALOG_COMPILER_APPICON_NAME = AppIcon;
				"CODE_SIGN_IDENTITY[sdk=iphoneos*]" = "iPhone Developer";
				DEVELOPMENT_TEAM = 44VVQHZS45;
				INFOPLIST_FILE = pray/Info.plist;
				LD_RUNPATH_SEARCH_PATHS = "$(inherited) @executable_path/Frameworks";
				PRODUCT_BUNDLE_IDENTIFIER = com.zulwiyozaputra.praytracker;
				PRODUCT_NAME = "$(TARGET_NAME)";
				PROVISIONING_PROFILE_SPECIFIER = "";
				SWIFT_VERSION = 3.0;
			};
			name = Release;
		};
/* End XCBuildConfiguration section */

/* Begin XCConfigurationList section */
		6E1B5CED1ED64E550012FF93 /* Build configuration list for PBXProject "pray" */ = {
			isa = XCConfigurationList;
			buildConfigurations = (
				6E1B5D021ED64E550012FF93 /* Debug */,
				6E1B5D031ED64E550012FF93 /* Release */,
			);
			defaultConfigurationIsVisible = 0;
			defaultConfigurationName = Release;
		};
		6E1B5D041ED64E550012FF93 /* Build configuration list for PBXNativeTarget "pray" */ = {
			isa = XCConfigurationList;
			buildConfigurations = (
				6E1B5D051ED64E550012FF93 /* Debug */,
				6E1B5D061ED64E550012FF93 /* Release */,
			);
			defaultConfigurationIsVisible = 0;
			defaultConfigurationName = Release;
		};
/* End XCConfigurationList section */

/* Begin XCVersionGroup section */
		6E3EC9651EFCF90300A4F1AA /* Model.xcdatamodeld */ = {
			isa = XCVersionGroup;
			children = (
				6E3EC9661EFCF90300A4F1AA /* Model.xcdatamodel */,
			);
			currentVersion = 6E3EC9661EFCF90300A4F1AA /* Model.xcdatamodel */;
			path = Model.xcdatamodeld;
			sourceTree = "<group>";
			versionGroupType = wrapper.xcdatamodel;
		};
/* End XCVersionGroup section */
	};
	rootObject = 6E1B5CEA1ED64E550012FF93 /* Project object */;
}
