// !$*UTF8*$!
{
	archiveVersion = 1;
	classes = {
	};
	objectVersion = 46;
	objects = {

/* Begin PBXBuildFile section */
		6E1B5CF61ED64E550012FF93 /* AppDelegate.swift in Sources */ = {isa = PBXBuildFile; fileRef = 6E1B5CF51ED64E550012FF93 /* AppDelegate.swift */; };
		6E1B5CF81ED64E550012FF93 /* MainViewController.swift in Sources */ = {isa = PBXBuildFile; fileRef = 6E1B5CF71ED64E550012FF93 /* MainViewController.swift */; };
		6E1B5CFB1ED64E550012FF93 /* Main.storyboard in Resources */ = {isa = PBXBuildFile; fileRef = 6E1B5CF91ED64E550012FF93 /* Main.storyboard */; };
		6E1B5CFD1ED64E550012FF93 /* Assets.xcassets in Resources */ = {isa = PBXBuildFile; fileRef = 6E1B5CFC1ED64E550012FF93 /* Assets.xcassets */; };
		6E1B5D001ED64E550012FF93 /* LaunchScreen.storyboard in Resources */ = {isa = PBXBuildFile; fileRef = 6E1B5CFE1ED64E550012FF93 /* LaunchScreen.storyboard */; };
		6E1B5D091ED656AF0012FF93 /* CoreLocation.framework in Frameworks */ = {isa = PBXBuildFile; fileRef = 6E1B5D081ED656AF0012FF93 /* CoreLocation.framework */; };
		6E1B5D0B1ED6572E0012FF93 /* SettingsViewController.swift in Sources */ = {isa = PBXBuildFile; fileRef = 6E1B5D0A1ED6572E0012FF93 /* SettingsViewController.swift */; };
		6E1B5D0D1ED659E00012FF93 /* QiblaViewController.swift in Sources */ = {isa = PBXBuildFile; fileRef = 6E1B5D0C1ED659E00012FF93 /* QiblaViewController.swift */; };
/* End PBXBuildFile section */

/* Begin PBXFileReference section */
		6E1B5CF21ED64E550012FF93 /* pray.app */ = {isa = PBXFileReference; explicitFileType = wrapper.application; includeInIndex = 0; path = pray.app; sourceTree = BUILT_PRODUCTS_DIR; };
		6E1B5CF51ED64E550012FF93 /* AppDelegate.swift */ = {isa = PBXFileReference; lastKnownFileType = sourcecode.swift; path = AppDelegate.swift; sourceTree = "<group>"; };
		6E1B5CF71ED64E550012FF93 /* MainViewController.swift */ = {isa = PBXFileReference; lastKnownFileType = sourcecode.swift; path = MainViewController.swift; sourceTree = "<group>"; };
		6E1B5CFA1ED64E550012FF93 /* Base */ = {isa = PBXFileReference; lastKnownFileType = file.storyboard; name = Base; path = Base.lproj/Main.storyboard; sourceTree = "<group>"; };
		6E1B5CFC1ED64E550012FF93 /* Assets.xcassets */ = {isa = PBXFileReference; lastKnownFileType = folder.assetcatalog; path = Assets.xcassets; sourceTree = "<group>"; };
		6E1B5CFF1ED64E550012FF93 /* Base */ = {isa = PBXFileReference; lastKnownFileType = file.storyboard; name = Base; path = Base.lproj/LaunchScreen.storyboard; sourceTree = "<group>"; };
		6E1B5D011ED64E550012FF93 /* Info.plist */ = {isa = PBXFileReference; lastKnownFileType = text.plist.xml; path = Info.plist; sourceTree = "<group>"; };
		6E1B5D081ED656AF0012FF93 /* CoreLocation.framework */ = {isa = PBXFileReference; lastKnownFileType = wrapper.framework; name = CoreLocation.framework; path = System/Library/Frameworks/CoreLocation.framework; sourceTree = SDKROOT; };
		6E1B5D0A1ED6572E0012FF93 /* SettingsViewController.swift */ = {isa = PBXFileReference; fileEncoding = 4; lastKnownFileType = sourcecode.swift; path = SettingsViewController.swift; sourceTree = "<group>"; };
		6E1B5D0C1ED659E00012FF93 /* QiblaViewController.swift */ = {isa = PBXFileReference; fileEncoding = 4; lastKnownFileType = sourcecode.swift; path = QiblaViewController.swift; sourceTree = "<group>"; };
/* End PBXFileReference section */

/* Begin PBXFrameworksBuildPhase section */
		6E1B5CEF1ED64E550012FF93 /* Frameworks */ = {
			isa = PBXFrameworksBuildPhase;
			buildActionMask = 2147483647;
			files = (
				6E1B5D091ED656AF0012FF93 /* CoreLocation.framework in Frameworks */,
			);
			runOnlyForDeploymentPostprocessing = 0;
		};
/* End PBXFrameworksBuildPhase section */

/* Begin PBXGroup section */
		6E1B5CE91ED64E550012FF93 = {
			isa = PBXGroup;
			children = (
				6E1B5CF41ED64E550012FF93 /* pray */,
				6E1B5CF31ED64E550012FF93 /* Products */,
				6E1B5D071ED656AE0012FF93 /* Frameworks */,
			);
			sourceTree = "<group>";
		};
		6E1B5CF31ED64E550012FF93 /* Products */ = {
			isa = PBXGroup;
			children = (
				6E1B5CF21ED64E550012FF93 /* pray.app */,
			);
			name = Products;
			sourceTree = "<group>";
		};
		6E1B5CF41ED64E550012FF93 /* pray */ = {
			isa = PBXGroup;
			children = (
				6E1B5CF51ED64E550012FF93 /* AppDelegate.swift */,
				6E1B5CF71ED64E550012FF93 /* MainViewController.swift */,
				6E1B5D0C1ED659E00012FF93 /* QiblaViewController.swift */,
				6E1B5D0A1ED6572E0012FF93 /* SettingsViewController.swift */,
				6E1B5CF91ED64E550012FF93 /* Main.storyboard */,
				6E1B5CFC1ED64E550012FF93 /* Assets.xcassets */,
				6E1B5CFE1ED64E550012FF93 /* LaunchScreen.storyboard */,
				6E1B5D011ED64E550012FF93 /* Info.plist */,
			);
			path = pray;
			sourceTree = "<group>";
		};
		6E1B5D071ED656AE0012FF93 /* Frameworks */ = {
			isa = PBXGroup;
			children = (
				6E1B5D081ED656AF0012FF93 /* CoreLocation.framework */,
			);
			name = Frameworks;
			sourceTree = "<group>";
		};
/* End PBXGroup section */

/* Begin PBXNativeTarget section */
		6E1B5CF11ED64E550012FF93 /* pray */ = {
			isa = PBXNativeTarget;
			buildConfigurationList = 6E1B5D041ED64E550012FF93 /* Build configuration list for PBXNativeTarget "pray" */;
			buildPhases = (
				6E1B5CEE1ED64E550012FF93 /* Sources */,
				6E1B5CEF1ED64E550012FF93 /* Frameworks */,
				6E1B5CF01ED64E550012FF93 /* Resources */,
			);
			buildRules = (
			);
			dependencies = (
			);
			name = pray;
			productName = pray;
			productReference = 6E1B5CF21ED64E550012FF93 /* pray.app */;
			productType = "com.apple.product-type.application";
		};
/* End PBXNativeTarget section */

/* Begin PBXProject section */
		6E1B5CEA1ED64E550012FF93 /* Project object */ = {
			isa = PBXProject;
			attributes = {
				LastSwiftUpdateCheck = 0830;
				LastUpgradeCheck = 0830;
				ORGANIZATIONNAME = "Zulwiyoza Putra";
				TargetAttributes = {
					6E1B5CF11ED64E550012FF93 = {
						CreatedOnToolsVersion = 8.3.2;
						DevelopmentTeam = 44VVQHZS45;
						ProvisioningStyle = Automatic;
					};
				};
			};
			buildConfigurationList = 6E1B5CED1ED64E550012FF93 /* Build configuration list for PBXProject "pray" */;
			compatibilityVersion = "Xcode 3.2";
			developmentRegion = English;
			hasScannedForEncodings = 0;
			knownRegions = (
				en,
				Base,
			);
			mainGroup = 6E1B5CE91ED64E550012FF93;
			productRefGroup = 6E1B5CF31ED64E550012FF93 /* Products */;
			projectDirPath = "";
			projectRoot = "";
			targets = (
				6E1B5CF11ED64E550012FF93 /* pray */,
			);
		};
/* End PBXProject section */

/* Begin PBXResourcesBuildPhase section */
		6E1B5CF01ED64E550012FF93 /* Resources */ = {
			isa = PBXResourcesBuildPhase;
			buildActionMask = 2147483647;
			files = (
				6E1B5D001ED64E550012FF93 /* LaunchScreen.storyboard in Resources */,
				6E1B5CFD1ED64E550012FF93 /* Assets.xcassets in Resources */,
				6E1B5CFB1ED64E550012FF93 /* Main.storyboard in Resources */,
			);
			runOnlyForDeploymentPostprocessing = 0;
		};
/* End PBXResourcesBuildPhase section */

/* Begin PBXSourcesBuildPhase section */
		6E1B5CEE1ED64E550012FF93 /* Sources */ = {
			isa = PBXSourcesBuildPhase;
			buildActionMask = 2147483647;
			files = (
				6E1B5D0D1ED659E00012FF93 /* QiblaViewController.swift in Sources */,
				6E1B5CF81ED64E550012FF93 /* MainViewController.swift in Sources */,
				6E1B5CF61ED64E550012FF93 /* AppDelegate.swift in Sources */,
				6E1B5D0B1ED6572E0012FF93 /* SettingsViewController.swift in Sources */,
			);
			runOnlyForDeploymentPostprocessing = 0;
		};
/* End PBXSourcesBuildPhase section */

/* Begin PBXVariantGroup section */
		6E1B5CF91ED64E550012FF93 /* Main.storyboard */ = {
			isa = PBXVariantGroup;
			children = (
				6E1B5CFA1ED64E550012FF93 /* Base */,
			);
			name = Main.storyboard;
			sourceTree = "<group>";
		};
		6E1B5CFE1ED64E550012FF93 /* LaunchScreen.storyboard */ = {
			isa = PBXVariantGroup;
			children = (
				6E1B5CFF1ED64E550012FF93 /* Base */,
			);
			name = LaunchScreen.storyboard;
			sourceTree = "<group>";
		};
/* End PBXVariantGroup section */

/* Begin XCBuildConfiguration section */
		6E1B5D021ED64E550012FF93 /* Debug */ = {
			isa = XCBuildConfiguration;
			buildSettings = {
				ALWAYS_SEARCH_USER_PATHS = NO;
				CLANG_ANALYZER_NONNULL = YES;
				CLANG_ANALYZER_NUMBER_OBJECT_CONVERSION = YES_AGGRESSIVE;
				CLANG_CXX_LANGUAGE_STANDARD = "gnu++0x";
				CLANG_CXX_LIBRARY = "libc++";
				CLANG_ENABLE_MODULES = YES;
				CLANG_ENABLE_OBJC_ARC = YES;
				CLANG_WARN_BOOL_CONVERSION = YES;
				CLANG_WARN_CONSTANT_CONVERSION = YES;
				CLANG_WARN_DIRECT_OBJC_ISA_USAGE = YES_ERROR;
				CLANG_WARN_DOCUMENTATION_COMMENTS = YES;
				CLANG_WARN_EMPTY_BODY = YES;
				CLANG_WARN_ENUM_CONVERSION = YES;
				CLANG_WARN_INFINITE_RECURSION = YES;
				CLANG_WARN_INT_CONVERSION = YES;
				CLANG_WARN_OBJC_ROOT_CLASS = YES_ERROR;
				CLANG_WARN_SUSPICIOUS_MOVE = YES;
				CLANG_WARN_UNREACHABLE_CODE = YES;
				CLANG_WARN__DUPLICATE_METHOD_MATCH = YES;
				"CODE_SIGN_IDENTITY[sdk=iphoneos*]" = "iPhone Developer";
				COPY_PHASE_STRIP = NO;
				DEBUG_INFORMATION_FORMAT = dwarf;
				ENABLE_STRICT_OBJC_MSGSEND = YES;
				ENABLE_TESTABILITY = YES;
				GCC_C_LANGUAGE_STANDARD = gnu99;
				GCC_DYNAMIC_NO_PIC = NO;
				GCC_NO_COMMON_BLOCKS = YES;
				GCC_OPTIMIZATION_LEVEL = 0;
				GCC_PREPROCESSOR_DEFINITIONS = (
					"DEBUG=1",
					"$(inherited)",
				);
				GCC_WARN_64_TO_32_BIT_CONVERSION = YES;
				GCC_WARN_ABOUT_RETURN_TYPE = YES_ERROR;
				GCC_WARN_UNDECLARED_SELECTOR = YES;
				GCC_WARN_UNINITIALIZED_AUTOS = YES_AGGRESSIVE;
				GCC_WARN_UNUSED_FUNCTION = YES;
				GCC_WARN_UNUSED_VARIABLE = YES;
				IPHONEOS_DEPLOYMENT_TARGET = 10.3;
				MTL_ENABLE_DEBUG_INFO = YES;
				ONLY_ACTIVE_ARCH = YES;
				SDKROOT = iphoneos;
				SWIFT_ACTIVE_COMPILATION_CONDITIONS = DEBUG;
				SWIFT_OPTIMIZATION_LEVEL = "-Onone";
			};
			name = Debug;
		};
		6E1B5D031ED64E550012FF93 /* Release */ = {
			isa = XCBuildConfiguration;
			buildSettings = {
				ALWAYS_SEARCH_USER_PATHS = NO;
				CLANG_ANALYZER_NONNULL = YES;
				CLANG_ANALYZER_NUMBER_OBJECT_CONVERSION = YES_AGGRESSIVE;
				CLANG_CXX_LANGUAGE_STANDARD = "gnu++0x";
				CLANG_CXX_LIBRARY = "libc++";
				CLANG_ENABLE_MODULES = YES;
				CLANG_ENABLE_OBJC_ARC = YES;
				CLANG_WARN_BOOL_CONVERSION = YES;
				CLANG_WARN_CONSTANT_CONVERSION = YES;
				CLANG_WARN_DIRECT_OBJC_ISA_USAGE = YES_ERROR;
				CLANG_WARN_DOCUMENTATION_COMMENTS = YES;
				CLANG_WARN_EMPTY_BODY = YES;
				CLANG_WARN_ENUM_CONVERSION = YES;
				CLANG_WARN_INFINITE_RECURSION = YES;
				CLANG_WARN_INT_CONVERSION = YES;
				CLANG_WARN_OBJC_ROOT_CLASS = YES_ERROR;
				CLANG_WARN_SUSPICIOUS_MOVE = YES;
				CLANG_WARN_UNREACHABLE_CODE = YES;
				CLANG_WARN__DUPLICATE_METHOD_MATCH = YES;
				"CODE_SIGN_IDENTITY[sdk=iphoneos*]" = "iPhone Developer";
				COPY_PHASE_STRIP = NO;
				DEBUG_INFORMATION_FORMAT = "dwarf-with-dsym";
				ENABLE_NS_ASSERTIONS = NO;
				ENABLE_STRICT_OBJC_MSGSEND = YES;
				GCC_C_LANGUAGE_STANDARD = gnu99;
				GCC_NO_COMMON_BLOCKS = YES;
				GCC_WARN_64_TO_32_BIT_CONVERSION = YES;
				GCC_WARN_ABOUT_RETURN_TYPE = YES_ERROR;
				GCC_WARN_UNDECLARED_SELECTOR = YES;
				GCC_WARN_UNINITIALIZED_AUTOS = YES_AGGRESSIVE;
				GCC_WARN_UNUSED_FUNCTION = YES;
				GCC_WARN_UNUSED_VARIABLE = YES;
				IPHONEOS_DEPLOYMENT_TARGET = 10.3;
				MTL_ENABLE_DEBUG_INFO = NO;
				SDKROOT = iphoneos;
				SWIFT_OPTIMIZATION_LEVEL = "-Owholemodule";
				VALIDATE_PRODUCT = YES;
			};
			name = Release;
		};
		6E1B5D051ED64E550012FF93 /* Debug */ = {
			isa = XCBuildConfiguration;
			buildSettings = {
				ASSETCATALOG_COMPILER_APPICON_NAME = AppIcon;
				DEVELOPMENT_TEAM = 44VVQHZS45;
				INFOPLIST_FILE = pray/Info.plist;
				LD_RUNPATH_SEARCH_PATHS = "$(inherited) @executable_path/Frameworks";
				PRODUCT_BUNDLE_IDENTIFIER = com.zulwiyozaputra.pray;
				PRODUCT_NAME = "$(TARGET_NAME)";
				SWIFT_VERSION = 3.0;
			};
			name = Debug;
		};
		6E1B5D061ED64E550012FF93 /* Release */ = {
			isa = XCBuildConfiguration;
			buildSettings = {
				ASSETCATALOG_COMPILER_APPICON_NAME = AppIcon;
				DEVELOPMENT_TEAM = 44VVQHZS45;
				INFOPLIST_FILE = pray/Info.plist;
				LD_RUNPATH_SEARCH_PATHS = "$(inherited) @executable_path/Frameworks";
				PRODUCT_BUNDLE_IDENTIFIER = com.zulwiyozaputra.pray;
				PRODUCT_NAME = "$(TARGET_NAME)";
				SWIFT_VERSION = 3.0;
			};
			name = Release;
		};
/* End XCBuildConfiguration section */

/* Begin XCConfigurationList section */
		6E1B5CED1ED64E550012FF93 /* Build configuration list for PBXProject "pray" */ = {
			isa = XCConfigurationList;
			buildConfigurations = (
				6E1B5D021ED64E550012FF93 /* Debug */,
				6E1B5D031ED64E550012FF93 /* Release */,
			);
			defaultConfigurationIsVisible = 0;
			defaultConfigurationName = Release;
		};
		6E1B5D041ED64E550012FF93 /* Build configuration list for PBXNativeTarget "pray" */ = {
			isa = XCConfigurationList;
			buildConfigurations = (
				6E1B5D051ED64E550012FF93 /* Debug */,
				6E1B5D061ED64E550012FF93 /* Release */,
			);
			defaultConfigurationIsVisible = 0;
		};
/* End XCConfigurationList section */
	};
	rootObject = 6E1B5CEA1ED64E550012FF93 /* Project object */;
}
